
Microsoft Visual Studio Solution File, Format Version 12.00
# Visual Studio Version 17
VisualStudioVersion = 17.9.34714.143
MinimumVisualStudioVersion = 10.0.40219.1
Project("{FAE04EC0-301F-11D3-BF4B-00C04F79EFBC}") = "ChatApp3G", "ChatApp3G\ChatApp3G.csproj", "{EDB218E7-4592-49D3-AA3B-AEFE891CE7BE}"
EndProject
Project("{2150E333-8FDC-42A3-9474-1A3956D46DE8}") = "Solution Items", "Solution Items", "{B8DB67DF-2D3C-4F26-8EC4-B95F8A9158F5}"
EndProject
Global
	GlobalSection(SolutionConfigurationPlatforms) = preSolution
		Debug|Any CPU = Debug|Any CPU
		Release|Any CPU = Release|Any CPU
	EndGlobalSection
	GlobalSection(ProjectConfigurationPlatforms) = postSolution
		{EDB218E7-4592-49D3-AA3B-AEFE891CE7BE}.Debug|Any CPU.ActiveCfg = Debug|Any CPU
		{EDB218E7-4592-49D3-AA3B-AEFE891CE7BE}.Debug|Any CPU.Build.0 = Debug|Any CPU
		{EDB218E7-4592-49D3-AA3B-AEFE891CE7BE}.Release|Any CPU.ActiveCfg = Release|Any CPU
		{EDB218E7-4592-49D3-AA3B-AEFE891CE7BE}.Release|Any CPU.Build.0 = Release|Any CPU
	EndGlobalSection
	GlobalSection(SolutionProperties) = preSolution
		HideSolutionNode = FALSE
	EndGlobalSection
	GlobalSection(ExtensibilityGlobals) = postSolution
		SolutionGuid = {6BB149A1-86AF-4DB2-91BC-CB25E45CDE4B}
	EndGlobalSection
EndGlobal
